{
  "requires": true,
  "lockfileVersion": 1,
  "dependencies": {
    "bootstrap": {
      "version": "4.0.0-beta.3",
      "resolved": "https://registry.npmjs.org/bootstrap/-/bootstrap-4.0.0-beta.3.tgz",
      "integrity": "sha512-/Qe1Q2d1muLEZRX2iCteMQHZBBAm6ZIjJ9FcBYK/xLr05+HvDtBOVBN+Cz7mCNZuy0zr+y5artZHM05W7mIz6g=="
    },
    "font-awesome": {
      "version": "4.7.0",
      "resolved": "https://registry.npmjs.org/font-awesome/-/font-awesome-4.7.0.tgz",
      "integrity": "sha1-j6jPBBGhoxr9B7BtKQK7n8gVoTM="
    },
    "jquery": {
      "version": "3.2.1",
      "resolved": "https://registry.npmjs.org/jquery/-/jquery-3.2.1.tgz",
      "integrity": "sha1-XE2d5lKvbNCncBVKYxu6ErAVx4c="
    },
    "jquery.easing": {
      "version": "1.4.1",
      "resolved": "https://registry.npmjs.org/jquery.easing/-/jquery.easing-1.4.1.tgz",
      "integrity": "sha1-R5gsWDa9dY/UhJSSPEoQHvbpPjs="
    },
    "popper.js": {
      "version": "1.12.3",
      "resolved": "https://registry.npmjs.org/popper.js/-/popper.js-1.12.3.tgz",
      "integrity": "sha512-yeccDWm2ZYbygDVKJxkyMkwjsDAP5/AROns/nN4ofdMghouyHzu4p3r27nkRGAcQXSYZJ+dqgKug6viAhszfUg=="
    },
    "startbootstrap-freelancer": {
      "version": "4.0.0-beta",
      "resolved": "https://registry.npmjs.org/startbootstrap-freelancer/-/startbootstrap-freelancer-4.0.0-beta.tgz",
      "integrity": "sha1-7hCB6nSR+RTjlUr8g9KP5EEgBuI=",
      "requires": {
        "bootstrap": "4.0.0-beta.3",
        "font-awesome": "4.7.0",
        "jquery": "3.2.1",
        "jquery.easing": "1.4.1",
        "popper.js": "1.12.3"
      }
    }
  }
}
